{
  "name": "price-publisher-streams",
  "lockfileVersion": 3,
  "requires": true,
  "packages": {
    "": {
      "dependencies": {
        "@interopio/desktop": "^6.12.0"
      }
    },
    "node_modules/@interopio/core": {
      "version": "6.5.2",
      "resolved": "https://registry.npmjs.org/@interopio/core/-/core-6.5.2.tgz",
      "integrity": "sha512-RdphOWXhKQLLHIpfMVxcD+m59liDYhhM8HXGVp/KdEKnlpcpQ//CdghDdk7/w9mvJl5lJnLpsgmuPHHTPGU3rw==",
      "license": "MIT",
      "dependencies": {
        "callback-registry": "^2.7.2",
        "ws": "^8.18.0"
      }
    },
    "node_modules/@interopio/desktop": {
      "version": "6.12.0",
      "resolved": "https://registry.npmjs.org/@interopio/desktop/-/desktop-6.12.0.tgz",
      "integrity": "sha512-elZftbrpaOeZlT4GFYuILZVV+i/oxhFmZAlzO92dJcRwsRBHL301On2dCR8NswSwHvrz9UlT9kfi6JniX4oMqA==",
      "license": "MIT",
      "dependencies": {
        "@interopio/core": "^6.5.2-fmr-beta",
        "@interopio/schemas": "^9.7.0",
        "@interopio/utils": "^1.4.2",
        "@interopio/workspaces-api": "^3.5.6",
        "callback-registry": "^2.7.1"
      }
    },
    "node_modules/@interopio/schemas": {
      "version": "9.7.0",
      "resolved": "https://registry.npmjs.org/@interopio/schemas/-/schemas-9.7.0.tgz",
      "integrity": "sha512-Clr8Z3zT/24KJJy8DwkJRanxKy/x5KFTRtH7q/19enmvw9+FltiuKMJz6aOoyLtdzUU0aW+H1AsGgbd+51LAZw==",
      "license": "ISC",
      "dependencies": {
        "ajv": "^6.12.6",
        "ajv-keywords": "^3.4.1"
      },
      "peerDependencies": {
        "log4js": "^6.4.2"
      },
      "peerDependenciesMeta": {
        "log4js": {
          "optional": true
        }
      }
    },
    "node_modules/@interopio/utils": {
      "version": "1.4.2",
      "resolved": "https://registry.npmjs.org/@interopio/utils/-/utils-1.4.2.tgz",
      "integrity": "sha512-14Bb2WI9Cwf9zjhTurP4qP9AVY4cxR1AOrwrOtHrTGAeeHp88mALFWfMEv1QnRhlQ06To2vQcRgebNrPlHDZ8Q==",
      "license": "ISC",
      "dependencies": {
        "decoder-validate": "^0.0.2"
      }
    },
    "node_modules/@interopio/workspaces-api": {
      "version": "3.5.6",
      "resolved": "https://registry.npmjs.org/@interopio/workspaces-api/-/workspaces-api-3.5.6.tgz",
      "integrity": "sha512-7IoqgEWE3MftTO99LJVzBgSfOUyB9xa7nWEIsuNyQLoOzF9wRITkMMk4sJvlT2CBblSFc91AV56ymDIPR/0Mng==",
      "license": "MIT"
    },
    "node_modules/ajv": {
      "version": "6.12.6",
      "resolved": "https://registry.npmjs.org/ajv/-/ajv-6.12.6.tgz",
      "integrity": "sha512-j3fVLgvTo527anyYyJOGTYJbG+vnnQYvE0m5mmkc1TK+nxAppkCLMIL0aZ4dblVCNoGShhm+kzE4ZUykBoMg4g==",
      "license": "MIT",
      "dependencies": {
        "fast-deep-equal": "^3.1.1",
        "fast-json-stable-stringify": "^2.0.0",
        "json-schema-traverse": "^0.4.1",
        "uri-js": "^4.2.2"
      },
      "funding": {
        "type": "github",
        "url": "https://github.com/sponsors/epoberezkin"
      }
    },
    "node_modules/ajv-keywords": {
      "version": "3.5.2",
      "resolved": "https://registry.npmjs.org/ajv-keywords/-/ajv-keywords-3.5.2.tgz",
      "integrity": "sha512-5p6WTN0DdTGVQk6VjcEju19IgaHudalcfabD7yhDGeA6bcQnmL+CpveLJq/3hvfwd1aof6L386Ougkx6RfyMIQ==",
      "license": "MIT",
      "peerDependencies": {
        "ajv": "^6.9.1"
      }
    },
    "node_modules/callback-registry": {
      "version": "2.7.2",
      "resolved": "https://registry.npmjs.org/callback-registry/-/callback-registry-2.7.2.tgz",
      "integrity": "sha512-VVrtF21DaH0VHeNMkLDd4VGuxsYM3V3l3lwYneKVMU/6X3TRtcQszUwlAcqj2HrLcbP1NyS12LsanUwCykaz/Q==",
      "license": "ISC"
    },
    "node_modules/decoder-validate": {
      "version": "0.0.2",
      "resolved": "https://registry.npmjs.org/decoder-validate/-/decoder-validate-0.0.2.tgz",
      "integrity": "sha512-9BsqAH9Zq6CvlxKHkSrZrH2iYlhuhHcrh6uTnDvcsa9P5YEweEzt1ci+X/9STgSCE7b9BA7/QIiwhfUDDWmjxw==",
      "license": "MIT"
    },
    "node_modules/fast-deep-equal": {
      "version": "3.1.3",
      "resolved": "https://registry.npmjs.org/fast-deep-equal/-/fast-deep-equal-3.1.3.tgz",
      "integrity": "sha512-f3qQ9oQy9j2AhBe/H9VC91wLmKBCCU/gDOnKNAYG5hswO7BLKj09Hc5HYNz9cGI++xlpDCIgDaitVs03ATR84Q==",
      "license": "MIT"
    },
    "node_modules/fast-json-stable-stringify": {
      "version": "2.1.0",
      "resolved": "https://registry.npmjs.org/fast-json-stable-stringify/-/fast-json-stable-stringify-2.1.0.tgz",
      "integrity": "sha512-lhd/wF+Lk98HZoTCtlVraHtfh5XYijIjalXck7saUtuanSDyLMxnHhSXEDJqHxD7msR8D0uCmqlkwjCV8xvwHw==",
      "license": "MIT"
    },
    "node_modules/json-schema-traverse": {
      "version": "0.4.1",
      "resolved": "https://registry.npmjs.org/json-schema-traverse/-/json-schema-traverse-0.4.1.tgz",
      "integrity": "sha512-xbbCH5dCYU5T8LcEhhuh7HJ88HXuW3qsI3Y0zOZFKfZEHcpWiHU/Jxzk629Brsab/mMiHQti9wMP+845RPe3Vg==",
      "license": "MIT"
    },
    "node_modules/punycode": {
      "version": "2.3.1",
      "resolved": "https://registry.npmjs.org/punycode/-/punycode-2.3.1.tgz",
      "integrity": "sha512-vYt7UD1U9Wg6138shLtLOvdAu+8DsC/ilFtEVHcH+wydcSpNE20AfSOduf6MkRFahL5FY7X1oU7nKVZFtfq8Fg==",
      "license": "MIT",
      "engines": {
        "node": ">=6"
      }
    },
    "node_modules/uri-js": {
      "version": "4.4.1",
      "resolved": "https://registry.npmjs.org/uri-js/-/uri-js-4.4.1.tgz",
      "integrity": "sha512-7rKUyy33Q1yc98pQ1DAmLtwX109F7TIfWlW1Ydo8Wl1ii1SeHieeh0HHfPeL2fMXK6z0s8ecKs9frCuLJvndBg==",
      "license": "BSD-2-Clause",
      "dependencies": {
        "punycode": "^2.1.0"
      }
    },
    "node_modules/ws": {
      "version": "8.18.1",
      "resolved": "https://registry.npmjs.org/ws/-/ws-8.18.1.tgz",
      "integrity": "sha512-RKW2aJZMXeMxVpnZ6bck+RswznaxmzdULiBr6KY7XkTnW8uvt0iT9H5DkHUChXrc+uurzwa0rVI16n/Xzjdz1w==",
      "license": "MIT",
      "engines": {
        "node": ">=10.0.0"
      },
      "peerDependencies": {
        "bufferutil": "^4.0.1",
        "utf-8-validate": ">=5.0.2"
      },
      "peerDependenciesMeta": {
        "bufferutil": {
          "optional": true
        },
        "utf-8-validate": {
          "optional": true
        }
      }
    }
  }
}
